
Microsoft Visual Studio Solution File, Format Version 12.00
# Visual Studio Version 17
VisualStudioVersion = 17.3.32929.385
MinimumVisualStudioVersion = 10.0.40219.1
Project("{FAE04EC0-301F-11D3-BF4B-00C04F79EFBC}") = "WebStudentAPI", "WebStudentAPI\WebStudentAPI.csproj", "{95837DAB-3761-4B0F-A7A7-53B5DAD8BC81}"
EndProject
Global
	GlobalSection(SolutionConfigurationPlatforms) = preSolution
		Debug|Any CPU = Debug|Any CPU
		Release|Any CPU = Release|Any CPU
	EndGlobalSection
	GlobalSection(ProjectConfigurationPlatforms) = postSolution
		{95837DAB-3761-4B0F-A7A7-53B5DAD8BC81}.Debug|Any CPU.ActiveCfg = Debug|Any CPU
		{95837DAB-3761-4B0F-A7A7-53B5DAD8BC81}.Debug|Any CPU.Build.0 = Debug|Any CPU
		{95837DAB-3761-4B0F-A7A7-53B5DAD8BC81}.Release|Any CPU.ActiveCfg = Release|Any CPU
		{95837DAB-3761-4B0F-A7A7-53B5DAD8BC81}.Release|Any CPU.Build.0 = Release|Any CPU
	EndGlobalSection
	GlobalSection(SolutionProperties) = preSolution
		HideSolutionNode = FALSE
	EndGlobalSection
	GlobalSection(ExtensibilityGlobals) = postSolution
		SolutionGuid = {A6873E2B-E52C-419C-8704-594F1067D17C}
	EndGlobalSection
EndGlobal
